
Microsoft Visual Studio Solution File, Format Version 12.00
# Visual Studio Version 16
VisualStudioVersion = 16.0.31702.278
MinimumVisualStudioVersion = 10.0.40219.1
Project("{9A19103F-16F7-4668-BE54-9A1E7A4F7556}") = "GlobusCustomerAPI", "GlobusCustomerAPI\GlobusCustomerAPI.csproj", "{01ACDEC1-05FC-4F6D-B17E-E18E451D2CFA}"
EndProject
Project("{9A19103F-16F7-4668-BE54-9A1E7A4F7556}") = "GlobusCustomerAPI.Data", "GlobusCustomerAPI.Data\GlobusCustomerAPI.Data.csproj", "{474D7582-4D87-4BE0-87BF-E305735BF88D}"
EndProject
Project("{FAE04EC0-301F-11D3-BF4B-00C04F79EFBC}") = "GlobusCustomerAPITDDTest", "GlobusCustomerAPITDDTest\GlobusCustomerAPITDDTest.csproj", "{F5B067DB-5B74-43C0-A2F8-04517AF1D636}"
EndProject
Global
	GlobalSection(SolutionConfigurationPlatforms) = preSolution
		Debug|Any CPU = Debug|Any CPU
		Release|Any CPU = Release|Any CPU
	EndGlobalSection
	GlobalSection(ProjectConfigurationPlatforms) = postSolution
		{01ACDEC1-05FC-4F6D-B17E-E18E451D2CFA}.Debug|Any CPU.ActiveCfg = Debug|Any CPU
		{01ACDEC1-05FC-4F6D-B17E-E18E451D2CFA}.Debug|Any CPU.Build.0 = Debug|Any CPU
		{01ACDEC1-05FC-4F6D-B17E-E18E451D2CFA}.Release|Any CPU.ActiveCfg = Release|Any CPU
		{01ACDEC1-05FC-4F6D-B17E-E18E451D2CFA}.Release|Any CPU.Build.0 = Release|Any CPU
		{474D7582-4D87-4BE0-87BF-E305735BF88D}.Debug|Any CPU.ActiveCfg = Debug|Any CPU
		{474D7582-4D87-4BE0-87BF-E305735BF88D}.Debug|Any CPU.Build.0 = Debug|Any CPU
		{474D7582-4D87-4BE0-87BF-E305735BF88D}.Release|Any CPU.ActiveCfg = Release|Any CPU
		{474D7582-4D87-4BE0-87BF-E305735BF88D}.Release|Any CPU.Build.0 = Release|Any CPU
		{F5B067DB-5B74-43C0-A2F8-04517AF1D636}.Debug|Any CPU.ActiveCfg = Debug|Any CPU
		{F5B067DB-5B74-43C0-A2F8-04517AF1D636}.Debug|Any CPU.Build.0 = Debug|Any CPU
		{F5B067DB-5B74-43C0-A2F8-04517AF1D636}.Release|Any CPU.ActiveCfg = Release|Any CPU
		{F5B067DB-5B74-43C0-A2F8-04517AF1D636}.Release|Any CPU.Build.0 = Release|Any CPU
	EndGlobalSection
	GlobalSection(SolutionProperties) = preSolution
		HideSolutionNode = FALSE
	EndGlobalSection
	GlobalSection(ExtensibilityGlobals) = postSolution
		SolutionGuid = {62BBE79C-2927-495B-92C6-5A91963CC4CD}
	EndGlobalSection
EndGlobal
